// !$*UTF8*$!
{
	archiveVersion = 1;
	classes = {
	};
	objectVersion = 50;
	objects = {

/* Begin PBXBuildFile section */
		ED2756572C44BCA0005C38C5 /* RepoEditViewController.swift in Sources */ = {isa = PBXBuildFile; fileRef = ED2756562C44BCA0005C38C5 /* RepoEditViewController.swift */; };
		ED75B9282C43212600EB9E39 /* AppDelegate.swift in Sources */ = {isa = PBXBuildFile; fileRef = ED75B9272C43212600EB9E39 /* AppDelegate.swift */; };
		ED75B92A2C43212600EB9E39 /* ViewController.swift in Sources */ = {isa = PBXBuildFile; fileRef = ED75B9292C43212600EB9E39 /* ViewController.swift */; };
		ED75B92C2C43212600EB9E39 /* Assets.xcassets in Resources */ = {isa = PBXBuildFile; fileRef = ED75B92B2C43212600EB9E39 /* Assets.xcassets */; };
		ED75B92F2C43212600EB9E39 /* Main.storyboard in Resources */ = {isa = PBXBuildFile; fileRef = ED75B92D2C43212600EB9E39 /* Main.storyboard */; };
		ED75B93B2C43212700EB9E39 /* ResticGUITests.swift in Sources */ = {isa = PBXBuildFile; fileRef = ED75B93A2C43212700EB9E39 /* ResticGUITests.swift */; };
		ED75B9462C43212700EB9E39 /* ResticGUIUITests.swift in Sources */ = {isa = PBXBuildFile; fileRef = ED75B9452C43212700EB9E39 /* ResticGUIUITests.swift */; };
		ED75B9542C43241000EB9E39 /* ProfilesManager.swift in Sources */ = {isa = PBXBuildFile; fileRef = ED75B9532C43241000EB9E39 /* ProfilesManager.swift */; };
		ED75B9582C4387CC00EB9E39 /* BackupPathsDataSource.swift in Sources */ = {isa = PBXBuildFile; fileRef = ED75B9572C4387CC00EB9E39 /* BackupPathsDataSource.swift */; };
		EDB655402C8515EA00BBBFD5 /* ProfileEditor.swift in Sources */ = {isa = PBXBuildFile; fileRef = EDB6553F2C8515EA00BBBFD5 /* ProfileEditor.swift */; };
		EDB655422C853AC100BBBFD5 /* DataClasses.swift in Sources */ = {isa = PBXBuildFile; fileRef = EDB655412C853AC100BBBFD5 /* DataClasses.swift */; };
/* End PBXBuildFile section */

/* Begin PBXContainerItemProxy section */
		ED75B9372C43212700EB9E39 /* PBXContainerItemProxy */ = {
			isa = PBXContainerItemProxy;
			containerPortal = ED75B91C2C43212600EB9E39 /* Project object */;
			proxyType = 1;
			remoteGlobalIDString = ED75B9232C43212600EB9E39;
			remoteInfo = ResticGUI;
		};
		ED75B9422C43212700EB9E39 /* PBXContainerItemProxy */ = {
			isa = PBXContainerItemProxy;
			containerPortal = ED75B91C2C43212600EB9E39 /* Project object */;
			proxyType = 1;
			remoteGlobalIDString = ED75B9232C43212600EB9E39;
			remoteInfo = ResticGUI;
		};
/* End PBXContainerItemProxy section */

/* Begin PBXFileReference section */
		ED2756562C44BCA0005C38C5 /* RepoEditViewController.swift */ = {isa = PBXFileReference; lastKnownFileType = sourcecode.swift; path = RepoEditViewController.swift; sourceTree = "<group>"; };
		ED75B9242C43212600EB9E39 /* ResticGUI.app */ = {isa = PBXFileReference; explicitFileType = wrapper.application; includeInIndex = 0; path = ResticGUI.app; sourceTree = BUILT_PRODUCTS_DIR; };
		ED75B9272C43212600EB9E39 /* AppDelegate.swift */ = {isa = PBXFileReference; lastKnownFileType = sourcecode.swift; path = AppDelegate.swift; sourceTree = "<group>"; };
		ED75B9292C43212600EB9E39 /* ViewController.swift */ = {isa = PBXFileReference; lastKnownFileType = sourcecode.swift; path = ViewController.swift; sourceTree = "<group>"; };
		ED75B92B2C43212600EB9E39 /* Assets.xcassets */ = {isa = PBXFileReference; lastKnownFileType = folder.assetcatalog; path = Assets.xcassets; sourceTree = "<group>"; };
		ED75B92E2C43212600EB9E39 /* Base */ = {isa = PBXFileReference; lastKnownFileType = file.storyboard; name = Base; path = Base.lproj/Main.storyboard; sourceTree = "<group>"; };
		ED75B9302C43212600EB9E39 /* Info.plist */ = {isa = PBXFileReference; lastKnownFileType = text.plist.xml; path = Info.plist; sourceTree = "<group>"; };
		ED75B9312C43212600EB9E39 /* ResticGUI.entitlements */ = {isa = PBXFileReference; lastKnownFileType = text.plist.entitlements; path = ResticGUI.entitlements; sourceTree = "<group>"; };
		ED75B9362C43212700EB9E39 /* ResticGUITests.xctest */ = {isa = PBXFileReference; explicitFileType = wrapper.cfbundle; includeInIndex = 0; path = ResticGUITests.xctest; sourceTree = BUILT_PRODUCTS_DIR; };
		ED75B93A2C43212700EB9E39 /* ResticGUITests.swift */ = {isa = PBXFileReference; lastKnownFileType = sourcecode.swift; path = ResticGUITests.swift; sourceTree = "<group>"; };
		ED75B93C2C43212700EB9E39 /* Info.plist */ = {isa = PBXFileReference; lastKnownFileType = text.plist.xml; path = Info.plist; sourceTree = "<group>"; };
		ED75B9412C43212700EB9E39 /* ResticGUIUITests.xctest */ = {isa = PBXFileReference; explicitFileType = wrapper.cfbundle; includeInIndex = 0; path = ResticGUIUITests.xctest; sourceTree = BUILT_PRODUCTS_DIR; };
		ED75B9452C43212700EB9E39 /* ResticGUIUITests.swift */ = {isa = PBXFileReference; lastKnownFileType = sourcecode.swift; path = ResticGUIUITests.swift; sourceTree = "<group>"; };
		ED75B9472C43212700EB9E39 /* Info.plist */ = {isa = PBXFileReference; lastKnownFileType = text.plist.xml; path = Info.plist; sourceTree = "<group>"; };
		ED75B9532C43241000EB9E39 /* ProfilesManager.swift */ = {isa = PBXFileReference; lastKnownFileType = sourcecode.swift; path = ProfilesManager.swift; sourceTree = "<group>"; wrapsLines = 1; };
		ED75B9572C4387CC00EB9E39 /* BackupPathsDataSource.swift */ = {isa = PBXFileReference; lastKnownFileType = sourcecode.swift; path = BackupPathsDataSource.swift; sourceTree = "<group>"; };
		EDB6553F2C8515EA00BBBFD5 /* ProfileEditor.swift */ = {isa = PBXFileReference; lastKnownFileType = sourcecode.swift; path = ProfileEditor.swift; sourceTree = "<group>"; };
		EDB655412C853AC100BBBFD5 /* DataClasses.swift */ = {isa = PBXFileReference; lastKnownFileType = sourcecode.swift; path = DataClasses.swift; sourceTree = "<group>"; };
/* End PBXFileReference section */

/* Begin PBXFrameworksBuildPhase section */
		ED75B9212C43212600EB9E39 /* Frameworks */ = {
			isa = PBXFrameworksBuildPhase;
			buildActionMask = 2147483647;
			files = (
			);
			runOnlyForDeploymentPostprocessing = 0;
		};
		ED75B9332C43212700EB9E39 /* Frameworks */ = {
			isa = PBXFrameworksBuildPhase;
			buildActionMask = 2147483647;
			files = (
			);
			runOnlyForDeploymentPostprocessing = 0;
		};
		ED75B93E2C43212700EB9E39 /* Frameworks */ = {
			isa = PBXFrameworksBuildPhase;
			buildActionMask = 2147483647;
			files = (
			);
			runOnlyForDeploymentPostprocessing = 0;
		};
/* End PBXFrameworksBuildPhase section */

/* Begin PBXGroup section */
		ED75B91B2C43212600EB9E39 = {
			isa = PBXGroup;
			children = (
				ED75B9262C43212600EB9E39 /* ResticGUI */,
				ED75B9392C43212700EB9E39 /* ResticGUITests */,
				ED75B9442C43212700EB9E39 /* ResticGUIUITests */,
				ED75B9252C43212600EB9E39 /* Products */,
			);
			sourceTree = "<group>";
		};
		ED75B9252C43212600EB9E39 /* Products */ = {
			isa = PBXGroup;
			children = (
				ED75B9242C43212600EB9E39 /* ResticGUI.app */,
				ED75B9362C43212700EB9E39 /* ResticGUITests.xctest */,
				ED75B9412C43212700EB9E39 /* ResticGUIUITests.xctest */,
			);
			name = Products;
			sourceTree = "<group>";
		};
		ED75B9262C43212600EB9E39 /* ResticGUI */ = {
			isa = PBXGroup;
			children = (
				ED75B9272C43212600EB9E39 /* AppDelegate.swift */,
				ED75B9292C43212600EB9E39 /* ViewController.swift */,
				EDB6553F2C8515EA00BBBFD5 /* ProfileEditor.swift */,
				ED75B9572C4387CC00EB9E39 /* BackupPathsDataSource.swift */,
				ED2756562C44BCA0005C38C5 /* RepoEditViewController.swift */,
				ED75B9532C43241000EB9E39 /* ProfilesManager.swift */,
				EDB655412C853AC100BBBFD5 /* DataClasses.swift */,
				ED75B92B2C43212600EB9E39 /* Assets.xcassets */,
				ED75B92D2C43212600EB9E39 /* Main.storyboard */,
				ED75B9302C43212600EB9E39 /* Info.plist */,
				ED75B9312C43212600EB9E39 /* ResticGUI.entitlements */,
			);
			path = ResticGUI;
			sourceTree = "<group>";
		};
		ED75B9392C43212700EB9E39 /* ResticGUITests */ = {
			isa = PBXGroup;
			children = (
				ED75B93A2C43212700EB9E39 /* ResticGUITests.swift */,
				ED75B93C2C43212700EB9E39 /* Info.plist */,
			);
			path = ResticGUITests;
			sourceTree = "<group>";
		};
		ED75B9442C43212700EB9E39 /* ResticGUIUITests */ = {
			isa = PBXGroup;
			children = (
				ED75B9452C43212700EB9E39 /* ResticGUIUITests.swift */,
				ED75B9472C43212700EB9E39 /* Info.plist */,
			);
			path = ResticGUIUITests;
			sourceTree = "<group>";
		};
/* End PBXGroup section */

/* Begin PBXNativeTarget section */
		ED75B9232C43212600EB9E39 /* ResticGUI */ = {
			isa = PBXNativeTarget;
			buildConfigurationList = ED75B94A2C43212700EB9E39 /* Build configuration list for PBXNativeTarget "ResticGUI" */;
			buildPhases = (
				ED75B9202C43212600EB9E39 /* Sources */,
				ED75B9212C43212600EB9E39 /* Frameworks */,
				ED75B9222C43212600EB9E39 /* Resources */,
			);
			buildRules = (
			);
			dependencies = (
			);
			name = ResticGUI;
			productName = ResticGUI;
			productReference = ED75B9242C43212600EB9E39 /* ResticGUI.app */;
			productType = "com.apple.product-type.application";
		};
		ED75B9352C43212700EB9E39 /* ResticGUITests */ = {
			isa = PBXNativeTarget;
			buildConfigurationList = ED75B94D2C43212700EB9E39 /* Build configuration list for PBXNativeTarget "ResticGUITests" */;
			buildPhases = (
				ED75B9322C43212700EB9E39 /* Sources */,
				ED75B9332C43212700EB9E39 /* Frameworks */,
				ED75B9342C43212700EB9E39 /* Resources */,
			);
			buildRules = (
			);
			dependencies = (
				ED75B9382C43212700EB9E39 /* PBXTargetDependency */,
			);
			name = ResticGUITests;
			productName = ResticGUITests;
			productReference = ED75B9362C43212700EB9E39 /* ResticGUITests.xctest */;
			productType = "com.apple.product-type.bundle.unit-test";
		};
		ED75B9402C43212700EB9E39 /* ResticGUIUITests */ = {
			isa = PBXNativeTarget;
			buildConfigurationList = ED75B9502C43212700EB9E39 /* Build configuration list for PBXNativeTarget "ResticGUIUITests" */;
			buildPhases = (
				ED75B93D2C43212700EB9E39 /* Sources */,
				ED75B93E2C43212700EB9E39 /* Frameworks */,
				ED75B93F2C43212700EB9E39 /* Resources */,
			);
			buildRules = (
			);
			dependencies = (
				ED75B9432C43212700EB9E39 /* PBXTargetDependency */,
			);
			name = ResticGUIUITests;
			productName = ResticGUIUITests;
			productReference = ED75B9412C43212700EB9E39 /* ResticGUIUITests.xctest */;
			productType = "com.apple.product-type.bundle.ui-testing";
		};
/* End PBXNativeTarget section */

/* Begin PBXProject section */
		ED75B91C2C43212600EB9E39 /* Project object */ = {
			isa = PBXProject;
			attributes = {
				LastSwiftUpdateCheck = 1130;
				LastUpgradeCheck = 1130;
				ORGANIZATIONNAME = zap.zip;
				TargetAttributes = {
					ED75B9232C43212600EB9E39 = {
						CreatedOnToolsVersion = 11.3.1;
					};
					ED75B9352C43212700EB9E39 = {
						CreatedOnToolsVersion = 11.3.1;
						TestTargetID = ED75B9232C43212600EB9E39;
					};
					ED75B9402C43212700EB9E39 = {
						CreatedOnToolsVersion = 11.3.1;
						TestTargetID = ED75B9232C43212600EB9E39;
					};
				};
			};
			buildConfigurationList = ED75B91F2C43212600EB9E39 /* Build configuration list for PBXProject "ResticGUI" */;
			compatibilityVersion = "Xcode 9.3";
			developmentRegion = en;
			hasScannedForEncodings = 0;
			knownRegions = (
				en,
				Base,
			);
			mainGroup = ED75B91B2C43212600EB9E39;
			productRefGroup = ED75B9252C43212600EB9E39 /* Products */;
			projectDirPath = "";
			projectRoot = "";
			targets = (
				ED75B9232C43212600EB9E39 /* ResticGUI */,
				ED75B9352C43212700EB9E39 /* ResticGUITests */,
				ED75B9402C43212700EB9E39 /* ResticGUIUITests */,
			);
		};
/* End PBXProject section */

/* Begin PBXResourcesBuildPhase section */
		ED75B9222C43212600EB9E39 /* Resources */ = {
			isa = PBXResourcesBuildPhase;
			buildActionMask = 2147483647;
			files = (
				ED75B92C2C43212600EB9E39 /* Assets.xcassets in Resources */,
				ED75B92F2C43212600EB9E39 /* Main.storyboard in Resources */,
			);
			runOnlyForDeploymentPostprocessing = 0;
		};
		ED75B9342C43212700EB9E39 /* Resources */ = {
			isa = PBXResourcesBuildPhase;
			buildActionMask = 2147483647;
			files = (
			);
			runOnlyForDeploymentPostprocessing = 0;
		};
		ED75B93F2C43212700EB9E39 /* Resources */ = {
			isa = PBXResourcesBuildPhase;
			buildActionMask = 2147483647;
			files = (
			);
			runOnlyForDeploymentPostprocessing = 0;
		};
/* End PBXResourcesBuildPhase section */

/* Begin PBXSourcesBuildPhase section */
		ED75B9202C43212600EB9E39 /* Sources */ = {
			isa = PBXSourcesBuildPhase;
			buildActionMask = 2147483647;
			files = (
				ED75B9582C4387CC00EB9E39 /* BackupPathsDataSource.swift in Sources */,
				ED2756572C44BCA0005C38C5 /* RepoEditViewController.swift in Sources */,
				EDB655422C853AC100BBBFD5 /* DataClasses.swift in Sources */,
				EDB655402C8515EA00BBBFD5 /* ProfileEditor.swift in Sources */,
				ED75B92A2C43212600EB9E39 /* ViewController.swift in Sources */,
				ED75B9542C43241000EB9E39 /* ProfilesManager.swift in Sources */,
				ED75B9282C43212600EB9E39 /* AppDelegate.swift in Sources */,
			);
			runOnlyForDeploymentPostprocessing = 0;
		};
		ED75B9322C43212700EB9E39 /* Sources */ = {
			isa = PBXSourcesBuildPhase;
			buildActionMask = 2147483647;
			files = (
				ED75B93B2C43212700EB9E39 /* ResticGUITests.swift in Sources */,
			);
			runOnlyForDeploymentPostprocessing = 0;
		};
		ED75B93D2C43212700EB9E39 /* Sources */ = {
			isa = PBXSourcesBuildPhase;
			buildActionMask = 2147483647;
			files = (
				ED75B9462C43212700EB9E39 /* ResticGUIUITests.swift in Sources */,
			);
			runOnlyForDeploymentPostprocessing = 0;
		};
/* End PBXSourcesBuildPhase section */

/* Begin PBXTargetDependency section */
		ED75B9382C43212700EB9E39 /* PBXTargetDependency */ = {
			isa = PBXTargetDependency;
			target = ED75B9232C43212600EB9E39 /* ResticGUI */;
			targetProxy = ED75B9372C43212700EB9E39 /* PBXContainerItemProxy */;
		};
		ED75B9432C43212700EB9E39 /* PBXTargetDependency */ = {
			isa = PBXTargetDependency;
			target = ED75B9232C43212600EB9E39 /* ResticGUI */;
			targetProxy = ED75B9422C43212700EB9E39 /* PBXContainerItemProxy */;
		};
/* End PBXTargetDependency section */

/* Begin PBXVariantGroup section */
		ED75B92D2C43212600EB9E39 /* Main.storyboard */ = {
			isa = PBXVariantGroup;
			children = (
				ED75B92E2C43212600EB9E39 /* Base */,
			);
			name = Main.storyboard;
			sourceTree = "<group>";
		};
/* End PBXVariantGroup section */

/* Begin XCBuildConfiguration section */
		ED75B9482C43212700EB9E39 /* Debug */ = {
			isa = XCBuildConfiguration;
			buildSettings = {
				ALWAYS_SEARCH_USER_PATHS = NO;
				CLANG_ANALYZER_NONNULL = YES;
				CLANG_ANALYZER_NUMBER_OBJECT_CONVERSION = YES_AGGRESSIVE;
				CLANG_CXX_LANGUAGE_STANDARD = "gnu++14";
				CLANG_CXX_LIBRARY = "libc++";
				CLANG_ENABLE_MODULES = YES;
				CLANG_ENABLE_OBJC_ARC = YES;
				CLANG_ENABLE_OBJC_WEAK = YES;
				CLANG_WARN_BLOCK_CAPTURE_AUTORELEASING = YES;
				CLANG_WARN_BOOL_CONVERSION = YES;
				CLANG_WARN_COMMA = YES;
				CLANG_WARN_CONSTANT_CONVERSION = YES;
				CLANG_WARN_DEPRECATED_OBJC_IMPLEMENTATIONS = YES;
				CLANG_WARN_DIRECT_OBJC_ISA_USAGE = YES_ERROR;
				CLANG_WARN_DOCUMENTATION_COMMENTS = YES;
				CLANG_WARN_EMPTY_BODY = YES;
				CLANG_WARN_ENUM_CONVERSION = YES;
				CLANG_WARN_INFINITE_RECURSION = YES;
				CLANG_WARN_INT_CONVERSION = YES;
				CLANG_WARN_NON_LITERAL_NULL_CONVERSION = YES;
				CLANG_WARN_OBJC_IMPLICIT_RETAIN_SELF = YES;
				CLANG_WARN_OBJC_LITERAL_CONVERSION = YES;
				CLANG_WARN_OBJC_ROOT_CLASS = YES_ERROR;
				CLANG_WARN_RANGE_LOOP_ANALYSIS = YES;
				CLANG_WARN_STRICT_PROTOTYPES = YES;
				CLANG_WARN_SUSPICIOUS_MOVE = YES;
				CLANG_WARN_UNGUARDED_AVAILABILITY = YES_AGGRESSIVE;
				CLANG_WARN_UNREACHABLE_CODE = YES;
				CLANG_WARN__DUPLICATE_METHOD_MATCH = YES;
				COPY_PHASE_STRIP = NO;
				DEBUG_INFORMATION_FORMAT = dwarf;
				ENABLE_STRICT_OBJC_MSGSEND = YES;
				ENABLE_TESTABILITY = YES;
				GCC_C_LANGUAGE_STANDARD = gnu11;
				GCC_DYNAMIC_NO_PIC = NO;
				GCC_NO_COMMON_BLOCKS = YES;
				GCC_OPTIMIZATION_LEVEL = 0;
				GCC_PREPROCESSOR_DEFINITIONS = (
					"DEBUG=1",
					"$(inherited)",
				);
				GCC_WARN_64_TO_32_BIT_CONVERSION = YES;
				GCC_WARN_ABOUT_RETURN_TYPE = YES_ERROR;
				GCC_WARN_UNDECLARED_SELECTOR = YES;
				GCC_WARN_UNINITIALIZED_AUTOS = YES_AGGRESSIVE;
				GCC_WARN_UNUSED_FUNCTION = YES;
				GCC_WARN_UNUSED_VARIABLE = YES;
				MACOSX_DEPLOYMENT_TARGET = 10.14;
				MTL_ENABLE_DEBUG_INFO = INCLUDE_SOURCE;
				MTL_FAST_MATH = YES;
				ONLY_ACTIVE_ARCH = YES;
				SDKROOT = macosx;
				SWIFT_ACTIVE_COMPILATION_CONDITIONS = DEBUG;
				SWIFT_OPTIMIZATION_LEVEL = "-Onone";
			};
			name = Debug;
		};
		ED75B9492C43212700EB9E39 /* Release */ = {
			isa = XCBuildConfiguration;
			buildSettings = {
				ALWAYS_SEARCH_USER_PATHS = NO;
				CLANG_ANALYZER_NONNULL = YES;
				CLANG_ANALYZER_NUMBER_OBJECT_CONVERSION = YES_AGGRESSIVE;
				CLANG_CXX_LANGUAGE_STANDARD = "gnu++14";
				CLANG_CXX_LIBRARY = "libc++";
				CLANG_ENABLE_MODULES = YES;
				CLANG_ENABLE_OBJC_ARC = YES;
				CLANG_ENABLE_OBJC_WEAK = YES;
				CLANG_WARN_BLOCK_CAPTURE_AUTORELEASING = YES;
				CLANG_WARN_BOOL_CONVERSION = YES;
				CLANG_WARN_COMMA = YES;
				CLANG_WARN_CONSTANT_CONVERSION = YES;
				CLANG_WARN_DEPRECATED_OBJC_IMPLEMENTATIONS = YES;
				CLANG_WARN_DIRECT_OBJC_ISA_USAGE = YES_ERROR;
				CLANG_WARN_DOCUMENTATION_COMMENTS = YES;
				CLANG_WARN_EMPTY_BODY = YES;
				CLANG_WARN_ENUM_CONVERSION = YES;
				CLANG_WARN_INFINITE_RECURSION = YES;
				CLANG_WARN_INT_CONVERSION = YES;
				CLANG_WARN_NON_LITERAL_NULL_CONVERSION = YES;
				CLANG_WARN_OBJC_IMPLICIT_RETAIN_SELF = YES;
				CLANG_WARN_OBJC_LITERAL_CONVERSION = YES;
				CLANG_WARN_OBJC_ROOT_CLASS = YES_ERROR;
				CLANG_WARN_RANGE_LOOP_ANALYSIS = YES;
				CLANG_WARN_STRICT_PROTOTYPES = YES;
				CLANG_WARN_SUSPICIOUS_MOVE = YES;
				CLANG_WARN_UNGUARDED_AVAILABILITY = YES_AGGRESSIVE;
				CLANG_WARN_UNREACHABLE_CODE = YES;
				CLANG_WARN__DUPLICATE_METHOD_MATCH = YES;
				COPY_PHASE_STRIP = NO;
				DEBUG_INFORMATION_FORMAT = "dwarf-with-dsym";
				ENABLE_NS_ASSERTIONS = NO;
				ENABLE_STRICT_OBJC_MSGSEND = YES;
				GCC_C_LANGUAGE_STANDARD = gnu11;
				GCC_NO_COMMON_BLOCKS = YES;
				GCC_WARN_64_TO_32_BIT_CONVERSION = YES;
				GCC_WARN_ABOUT_RETURN_TYPE = YES_ERROR;
				GCC_WARN_UNDECLARED_SELECTOR = YES;
				GCC_WARN_UNINITIALIZED_AUTOS = YES_AGGRESSIVE;
				GCC_WARN_UNUSED_FUNCTION = YES;
				GCC_WARN_UNUSED_VARIABLE = YES;
				MACOSX_DEPLOYMENT_TARGET = 10.14;
				MTL_ENABLE_DEBUG_INFO = NO;
				MTL_FAST_MATH = YES;
				SDKROOT = macosx;
				SWIFT_COMPILATION_MODE = wholemodule;
				SWIFT_OPTIMIZATION_LEVEL = "-O";
			};
			name = Release;
		};
		ED75B94B2C43212700EB9E39 /* Debug */ = {
			isa = XCBuildConfiguration;
			buildSettings = {
				ASSETCATALOG_COMPILER_APPICON_NAME = AppIcon;
				CODE_SIGN_ENTITLEMENTS = ResticGUI/ResticGUI.entitlements;
				CODE_SIGN_STYLE = Automatic;
				COMBINE_HIDPI_IMAGES = YES;
				INFOPLIST_FILE = ResticGUI/Info.plist;
				LD_RUNPATH_SEARCH_PATHS = (
					"$(inherited)",
					"@executable_path/../Frameworks",
				);
				MACOSX_DEPLOYMENT_TARGET = 10.13;
				MARKETING_VERSION = 0.1;
				PRODUCT_BUNDLE_IDENTIFIER = zap.zip.ResticGUI;
				PRODUCT_NAME = "$(TARGET_NAME)";
				SWIFT_VERSION = 5.0;
			};
			name = Debug;
		};
		ED75B94C2C43212700EB9E39 /* Release */ = {
			isa = XCBuildConfiguration;
			buildSettings = {
				ASSETCATALOG_COMPILER_APPICON_NAME = AppIcon;
				CODE_SIGN_ENTITLEMENTS = ResticGUI/ResticGUI.entitlements;
				CODE_SIGN_STYLE = Automatic;
				COMBINE_HIDPI_IMAGES = YES;
				INFOPLIST_FILE = ResticGUI/Info.plist;
				LD_RUNPATH_SEARCH_PATHS = (
					"$(inherited)",
					"@executable_path/../Frameworks",
				);
				MACOSX_DEPLOYMENT_TARGET = 10.13;
				MARKETING_VERSION = 0.1;
				PRODUCT_BUNDLE_IDENTIFIER = zap.zip.ResticGUI;
				PRODUCT_NAME = "$(TARGET_NAME)";
				SWIFT_VERSION = 5.0;
			};
			name = Release;
		};
		ED75B94E2C43212700EB9E39 /* Debug */ = {
			isa = XCBuildConfiguration;
			buildSettings = {
				ALWAYS_EMBED_SWIFT_STANDARD_LIBRARIES = YES;
				BUNDLE_LOADER = "$(TEST_HOST)";
				CODE_SIGN_STYLE = Automatic;
				COMBINE_HIDPI_IMAGES = YES;
				INFOPLIST_FILE = ResticGUITests/Info.plist;
				LD_RUNPATH_SEARCH_PATHS = (
					"$(inherited)",
					"@executable_path/../Frameworks",
					"@loader_path/../Frameworks",
				);
				MACOSX_DEPLOYMENT_TARGET = 10.14;
				PRODUCT_BUNDLE_IDENTIFIER = zap.zip.ResticGUITests;
				PRODUCT_NAME = "$(TARGET_NAME)";
				SWIFT_VERSION = 5.0;
				TEST_HOST = "$(BUILT_PRODUCTS_DIR)/ResticGUI.app/Contents/MacOS/ResticGUI";
			};
			name = Debug;
		};
		ED75B94F2C43212700EB9E39 /* Release */ = {
			isa = XCBuildConfiguration;
			buildSettings = {
				ALWAYS_EMBED_SWIFT_STANDARD_LIBRARIES = YES;
				BUNDLE_LOADER = "$(TEST_HOST)";
				CODE_SIGN_STYLE = Automatic;
				COMBINE_HIDPI_IMAGES = YES;
				INFOPLIST_FILE = ResticGUITests/Info.plist;
				LD_RUNPATH_SEARCH_PATHS = (
					"$(inherited)",
					"@executable_path/../Frameworks",
					"@loader_path/../Frameworks",
				);
				MACOSX_DEPLOYMENT_TARGET = 10.14;
				PRODUCT_BUNDLE_IDENTIFIER = zap.zip.ResticGUITests;
				PRODUCT_NAME = "$(TARGET_NAME)";
				SWIFT_VERSION = 5.0;
				TEST_HOST = "$(BUILT_PRODUCTS_DIR)/ResticGUI.app/Contents/MacOS/ResticGUI";
			};
			name = Release;
		};
		ED75B9512C43212700EB9E39 /* Debug */ = {
			isa = XCBuildConfiguration;
			buildSettings = {
				ALWAYS_EMBED_SWIFT_STANDARD_LIBRARIES = YES;
				CODE_SIGN_STYLE = Automatic;
				COMBINE_HIDPI_IMAGES = YES;
				INFOPLIST_FILE = ResticGUIUITests/Info.plist;
				LD_RUNPATH_SEARCH_PATHS = (
					"$(inherited)",
					"@executable_path/../Frameworks",
					"@loader_path/../Frameworks",
				);
				PRODUCT_BUNDLE_IDENTIFIER = zap.zip.ResticGUIUITests;
				PRODUCT_NAME = "$(TARGET_NAME)";
				SWIFT_VERSION = 5.0;
				TEST_TARGET_NAME = ResticGUI;
			};
			name = Debug;
		};
		ED75B9522C43212700EB9E39 /* Release */ = {
			isa = XCBuildConfiguration;
			buildSettings = {
				ALWAYS_EMBED_SWIFT_STANDARD_LIBRARIES = YES;
				CODE_SIGN_STYLE = Automatic;
				COMBINE_HIDPI_IMAGES = YES;
				INFOPLIST_FILE = ResticGUIUITests/Info.plist;
				LD_RUNPATH_SEARCH_PATHS = (
					"$(inherited)",
					"@executable_path/../Frameworks",
					"@loader_path/../Frameworks",
				);
				PRODUCT_BUNDLE_IDENTIFIER = zap.zip.ResticGUIUITests;
				PRODUCT_NAME = "$(TARGET_NAME)";
				SWIFT_VERSION = 5.0;
				TEST_TARGET_NAME = ResticGUI;
			};
			name = Release;
		};
/* End XCBuildConfiguration section */

/* Begin XCConfigurationList section */
		ED75B91F2C43212600EB9E39 /* Build configuration list for PBXProject "ResticGUI" */ = {
			isa = XCConfigurationList;
			buildConfigurations = (
				ED75B9482C43212700EB9E39 /* Debug */,
				ED75B9492C43212700EB9E39 /* Release */,
			);
			defaultConfigurationIsVisible = 0;
			defaultConfigurationName = Release;
		};
		ED75B94A2C43212700EB9E39 /* Build configuration list for PBXNativeTarget "ResticGUI" */ = {
			isa = XCConfigurationList;
			buildConfigurations = (
				ED75B94B2C43212700EB9E39 /* Debug */,
				ED75B94C2C43212700EB9E39 /* Release */,
			);
			defaultConfigurationIsVisible = 0;
			defaultConfigurationName = Release;
		};
		ED75B94D2C43212700EB9E39 /* Build configuration list for PBXNativeTarget "ResticGUITests" */ = {
			isa = XCConfigurationList;
			buildConfigurations = (
				ED75B94E2C43212700EB9E39 /* Debug */,
				ED75B94F2C43212700EB9E39 /* Release */,
			);
			defaultConfigurationIsVisible = 0;
			defaultConfigurationName = Release;
		};
		ED75B9502C43212700EB9E39 /* Build configuration list for PBXNativeTarget "ResticGUIUITests" */ = {
			isa = XCConfigurationList;
			buildConfigurations = (
				ED75B9512C43212700EB9E39 /* Debug */,
				ED75B9522C43212700EB9E39 /* Release */,
			);
			defaultConfigurationIsVisible = 0;
			defaultConfigurationName = Release;
		};
/* End XCConfigurationList section */
	};
	rootObject = ED75B91C2C43212600EB9E39 /* Project object */;
}
