// !$*UTF8*$!
{
	archiveVersion = 1;
	classes = {
	};
	objectVersion = 50;
	objects = {

/* Begin PBXBuildFile section */
		ED0637802D63E971004E26BC /* EnviormentTableView.xib in Resources */ = {isa = PBXBuildFile; fileRef = ED06377F2D63E971004E26BC /* EnviormentTableView.xib */; };
		ED228D232CE963EA00502614 /* JSONDecodingTests.swift in Sources */ = {isa = PBXBuildFile; fileRef = ED228D222CE963EA00502614 /* JSONDecodingTests.swift */; };
		ED36C1B62DAC7971005829FB /* KeychainInterface.swift in Sources */ = {isa = PBXBuildFile; fileRef = ED36C1B52DAC7963005829FB /* KeychainInterface.swift */; };
		ED581FF52E0A11A700F2BE6F /* SwiftToolbox.framework in Frameworks */ = {isa = PBXBuildFile; fileRef = ED581FED2E0A116F00F2BE6F /* SwiftToolbox.framework */; };
		ED581FF62E0A11A700F2BE6F /* SwiftToolbox.framework in Embed Frameworks */ = {isa = PBXBuildFile; fileRef = ED581FED2E0A116F00F2BE6F /* SwiftToolbox.framework */; settings = {ATTRIBUTES = (CodeSignOnCopy, RemoveHeadersOnCopy, ); }; };
		ED5B37762DAE1201006D76E9 /* ResticResponse.swift in Sources */ = {isa = PBXBuildFile; fileRef = ED5B37752DAE11FC006D76E9 /* ResticResponse.swift */; };
		ED75B93B2C43212700EB9E39 /* ResticGUITests.swift in Sources */ = {isa = PBXBuildFile; fileRef = ED75B93A2C43212700EB9E39 /* ResticGUITests.swift */; };
		ED75B9462C43212700EB9E39 /* ResticGUIUITests.swift in Sources */ = {isa = PBXBuildFile; fileRef = ED75B9452C43212700EB9E39 /* ResticGUIUITests.swift */; };
		EDA86BA82D260487004E8996 /* EnviormentTable.swift in Sources */ = {isa = PBXBuildFile; fileRef = EDA86BA72D260487004E8996 /* EnviormentTable.swift */; };
		EDB652722DE91C480052CBF4 /* PrefTabGeneral.swift in Sources */ = {isa = PBXBuildFile; fileRef = EDB652712DE91C430052CBF4 /* PrefTabGeneral.swift */; };
		EDB652742DE923F40052CBF4 /* PrefTabEnvVars.swift in Sources */ = {isa = PBXBuildFile; fileRef = EDB652732DE923EE0052CBF4 /* PrefTabEnvVars.swift */; };
		EDE0AA7B2D10C1390081E223 /* Preferences.storyboard in Resources */ = {isa = PBXBuildFile; fileRef = EDE0AA632D10C1390081E223 /* Preferences.storyboard */; };
		EDE0AA7E2D10C1390081E223 /* Main.storyboard in Resources */ = {isa = PBXBuildFile; fileRef = EDE0AA722D10C1390081E223 /* Main.storyboard */; };
		EDE0AA7F2D10C1390081E223 /* PreferencesController.swift in Sources */ = {isa = PBXBuildFile; fileRef = EDE0AA642D10C1390081E223 /* PreferencesController.swift */; };
		EDE0AA802D10C1390081E223 /* PrefTabExclusions.swift in Sources */ = {isa = PBXBuildFile; fileRef = EDE0AA652D10C1390081E223 /* PrefTabExclusions.swift */; };
		EDE0AA812D10C1390081E223 /* BackupController.swift in Sources */ = {isa = PBXBuildFile; fileRef = EDE0AA672D10C1390081E223 /* BackupController.swift */; };
		EDE0AA822D10C1390081E223 /* ResticInterface.swift in Sources */ = {isa = PBXBuildFile; fileRef = EDE0AA682D10C1390081E223 /* ResticInterface.swift */; };
		EDE0AA832D10C1390081E223 /* ResticController.swift in Sources */ = {isa = PBXBuildFile; fileRef = EDE0AA692D10C1390081E223 /* ResticController.swift */; };
		EDE0AA842D10C1390081E223 /* ResticLogger.swift in Sources */ = {isa = PBXBuildFile; fileRef = EDE0AA6A2D10C1390081E223 /* ResticLogger.swift */; };
		EDE0AA852D10C1390081E223 /* AppDelegate.swift in Sources */ = {isa = PBXBuildFile; fileRef = EDE0AA6C2D10C1390081E223 /* AppDelegate.swift */; };
		EDE0AA862D10C1390081E223 /* BackupPathsDataSource.swift in Sources */ = {isa = PBXBuildFile; fileRef = EDE0AA6E2D10C1390081E223 /* BackupPathsDataSource.swift */; };
		EDE0AA872D10C1390081E223 /* DataClasses.swift in Sources */ = {isa = PBXBuildFile; fileRef = EDE0AA6F2D10C1390081E223 /* DataClasses.swift */; };
		EDE0AA882D10C1390081E223 /* ProfileEditorController.swift in Sources */ = {isa = PBXBuildFile; fileRef = EDE0AA732D10C1390081E223 /* ProfileEditorController.swift */; };
		EDE0AA892D10C1390081E223 /* ProfileManager.swift in Sources */ = {isa = PBXBuildFile; fileRef = EDE0AA742D10C1390081E223 /* ProfileManager.swift */; };
		EDE0AA8A2D10C1390081E223 /* RepoEditViewController.swift in Sources */ = {isa = PBXBuildFile; fileRef = EDE0AA752D10C1390081E223 /* RepoEditViewController.swift */; };
		EDE0AA8B2D10C1390081E223 /* ReposManager.swift in Sources */ = {isa = PBXBuildFile; fileRef = EDE0AA762D10C1390081E223 /* ReposManager.swift */; };
		EDE0AA8C2D10C1390081E223 /* SnapshotsTable.swift in Sources */ = {isa = PBXBuildFile; fileRef = EDE0AA782D10C1390081E223 /* SnapshotsTable.swift */; };
		EDE0AA8D2D10C1390081E223 /* ViewController.swift in Sources */ = {isa = PBXBuildFile; fileRef = EDE0AA792D10C1390081E223 /* ViewController.swift */; };
		EDF0A5F72E149DA8003B3FFC /* PathTable.swift in Sources */ = {isa = PBXBuildFile; fileRef = EDF0A5F62E149DA8003B3FFC /* PathTable.swift */; };
		EDF660AB2D53060800BD3998 /* DefaultTimeMachineExclusions.plist in Resources */ = {isa = PBXBuildFile; fileRef = EDF660AA2D53060800BD3998 /* DefaultTimeMachineExclusions.plist */; };
		EDF660AD2D54323200BD3998 /* RepoEditView.storyboard in Resources */ = {isa = PBXBuildFile; fileRef = EDF660AC2D54323200BD3998 /* RepoEditView.storyboard */; };
		EDFB37A22E12EDB60006CC2C /* Restore.storyboard in Resources */ = {isa = PBXBuildFile; fileRef = EDFB379F2E12EDB60006CC2C /* Restore.storyboard */; };
		EDFB37A32E12EDB60006CC2C /* RestoreViewController.swift in Sources */ = {isa = PBXBuildFile; fileRef = EDFB37A02E12EDB60006CC2C /* RestoreViewController.swift */; };
/* End PBXBuildFile section */

/* Begin PBXContainerItemProxy section */
		ED581FEC2E0A116F00F2BE6F /* PBXContainerItemProxy */ = {
			isa = PBXContainerItemProxy;
			containerPortal = ED581FE72E0A116F00F2BE6F /* SwiftToolbox.xcodeproj */;
			proxyType = 2;
			remoteGlobalIDString = EDC82A712D87866E006BBCAB;
			remoteInfo = SwiftToolbox;
		};
		ED581FEE2E0A116F00F2BE6F /* PBXContainerItemProxy */ = {
			isa = PBXContainerItemProxy;
			containerPortal = ED581FE72E0A116F00F2BE6F /* SwiftToolbox.xcodeproj */;
			proxyType = 2;
			remoteGlobalIDString = EDC82A7B2D87866E006BBCAB;
			remoteInfo = SwiftToolboxTests;
		};
		ED75B9372C43212700EB9E39 /* PBXContainerItemProxy */ = {
			isa = PBXContainerItemProxy;
			containerPortal = ED75B91C2C43212600EB9E39 /* Project object */;
			proxyType = 1;
			remoteGlobalIDString = ED75B9232C43212600EB9E39;
			remoteInfo = ResticGUI;
		};
		ED75B9422C43212700EB9E39 /* PBXContainerItemProxy */ = {
			isa = PBXContainerItemProxy;
			containerPortal = ED75B91C2C43212600EB9E39 /* Project object */;
			proxyType = 1;
			remoteGlobalIDString = ED75B9232C43212600EB9E39;
			remoteInfo = ResticGUI;
		};
/* End PBXContainerItemProxy section */

/* Begin PBXCopyFilesBuildPhase section */
		ED581FF72E0A11A700F2BE6F /* Embed Frameworks */ = {
			isa = PBXCopyFilesBuildPhase;
			buildActionMask = 2147483647;
			dstPath = "";
			dstSubfolderSpec = 10;
			files = (
				ED581FF62E0A11A700F2BE6F /* SwiftToolbox.framework in Embed Frameworks */,
			);
			name = "Embed Frameworks";
			runOnlyForDeploymentPostprocessing = 0;
		};
/* End PBXCopyFilesBuildPhase section */

/* Begin PBXFileReference section */
		ED06377F2D63E971004E26BC /* EnviormentTableView.xib */ = {isa = PBXFileReference; lastKnownFileType = file.xib; name = EnviormentTableView.xib; path = ResticGUI/EnviormentTableView.xib; sourceTree = SOURCE_ROOT; };
		ED228D222CE963EA00502614 /* JSONDecodingTests.swift */ = {isa = PBXFileReference; lastKnownFileType = sourcecode.swift; name = JSONDecodingTests.swift; path = ResticGUITests/JSONDecodingTests.swift; sourceTree = SOURCE_ROOT; };
		ED36C1B52DAC7963005829FB /* KeychainInterface.swift */ = {isa = PBXFileReference; lastKnownFileType = sourcecode.swift; path = KeychainInterface.swift; sourceTree = "<group>"; };
		ED581FE72E0A116F00F2BE6F /* SwiftToolbox.xcodeproj */ = {isa = PBXFileReference; lastKnownFileType = "wrapper.pb-project"; name = SwiftToolbox.xcodeproj; path = ../SwiftToolbox/SwiftToolbox.xcodeproj; sourceTree = "<group>"; };
		ED5B37752DAE11FC006D76E9 /* ResticResponse.swift */ = {isa = PBXFileReference; lastKnownFileType = sourcecode.swift; path = ResticResponse.swift; sourceTree = "<group>"; };
		ED75B9242C43212600EB9E39 /* ResticGUI.app */ = {isa = PBXFileReference; explicitFileType = wrapper.application; includeInIndex = 0; path = ResticGUI.app; sourceTree = BUILT_PRODUCTS_DIR; };
		ED75B9362C43212700EB9E39 /* ResticGUITests.xctest */ = {isa = PBXFileReference; explicitFileType = wrapper.cfbundle; includeInIndex = 0; path = ResticGUITests.xctest; sourceTree = BUILT_PRODUCTS_DIR; };
		ED75B93A2C43212700EB9E39 /* ResticGUITests.swift */ = {isa = PBXFileReference; lastKnownFileType = sourcecode.swift; path = ResticGUITests.swift; sourceTree = "<group>"; };
		ED75B93C2C43212700EB9E39 /* Info.plist */ = {isa = PBXFileReference; lastKnownFileType = text.plist.xml; path = Info.plist; sourceTree = "<group>"; };
		ED75B9412C43212700EB9E39 /* ResticGUIUITests.xctest */ = {isa = PBXFileReference; explicitFileType = wrapper.cfbundle; includeInIndex = 0; path = ResticGUIUITests.xctest; sourceTree = BUILT_PRODUCTS_DIR; };
		ED75B9452C43212700EB9E39 /* ResticGUIUITests.swift */ = {isa = PBXFileReference; lastKnownFileType = sourcecode.swift; path = ResticGUIUITests.swift; sourceTree = "<group>"; };
		ED75B9472C43212700EB9E39 /* Info.plist */ = {isa = PBXFileReference; lastKnownFileType = text.plist.xml; path = Info.plist; sourceTree = "<group>"; };
		EDA86BA72D260487004E8996 /* EnviormentTable.swift */ = {isa = PBXFileReference; lastKnownFileType = sourcecode.swift; path = EnviormentTable.swift; sourceTree = "<group>"; };
		EDB652712DE91C430052CBF4 /* PrefTabGeneral.swift */ = {isa = PBXFileReference; lastKnownFileType = sourcecode.swift; path = PrefTabGeneral.swift; sourceTree = "<group>"; };
		EDB652732DE923EE0052CBF4 /* PrefTabEnvVars.swift */ = {isa = PBXFileReference; lastKnownFileType = sourcecode.swift; path = PrefTabEnvVars.swift; sourceTree = "<group>"; };
		EDE0AA632D10C1390081E223 /* Preferences.storyboard */ = {isa = PBXFileReference; lastKnownFileType = file.storyboard; path = Preferences.storyboard; sourceTree = "<group>"; };
		EDE0AA642D10C1390081E223 /* PreferencesController.swift */ = {isa = PBXFileReference; lastKnownFileType = sourcecode.swift; path = PreferencesController.swift; sourceTree = "<group>"; };
		EDE0AA652D10C1390081E223 /* PrefTabExclusions.swift */ = {isa = PBXFileReference; lastKnownFileType = sourcecode.swift; path = PrefTabExclusions.swift; sourceTree = "<group>"; };
		EDE0AA672D10C1390081E223 /* BackupController.swift */ = {isa = PBXFileReference; lastKnownFileType = sourcecode.swift; path = BackupController.swift; sourceTree = "<group>"; };
		EDE0AA682D10C1390081E223 /* ResticInterface.swift */ = {isa = PBXFileReference; lastKnownFileType = sourcecode.swift; path = ResticInterface.swift; sourceTree = "<group>"; };
		EDE0AA692D10C1390081E223 /* ResticController.swift */ = {isa = PBXFileReference; lastKnownFileType = sourcecode.swift; path = ResticController.swift; sourceTree = "<group>"; };
		EDE0AA6A2D10C1390081E223 /* ResticLogger.swift */ = {isa = PBXFileReference; lastKnownFileType = sourcecode.swift; path = ResticLogger.swift; sourceTree = "<group>"; };
		EDE0AA6C2D10C1390081E223 /* AppDelegate.swift */ = {isa = PBXFileReference; lastKnownFileType = sourcecode.swift; path = AppDelegate.swift; sourceTree = "<group>"; };
		EDE0AA6E2D10C1390081E223 /* BackupPathsDataSource.swift */ = {isa = PBXFileReference; lastKnownFileType = sourcecode.swift; path = BackupPathsDataSource.swift; sourceTree = "<group>"; };
		EDE0AA6F2D10C1390081E223 /* DataClasses.swift */ = {isa = PBXFileReference; lastKnownFileType = sourcecode.swift; path = DataClasses.swift; sourceTree = "<group>"; };
		EDE0AA702D10C1390081E223 /* Info.plist */ = {isa = PBXFileReference; lastKnownFileType = text.plist.xml; path = Info.plist; sourceTree = "<group>"; };
		EDE0AA712D10C1390081E223 /* Base */ = {isa = PBXFileReference; lastKnownFileType = file.storyboard; name = Base; path = Base.lproj/Main.storyboard; sourceTree = "<group>"; };
		EDE0AA732D10C1390081E223 /* ProfileEditorController.swift */ = {isa = PBXFileReference; lastKnownFileType = sourcecode.swift; path = ProfileEditorController.swift; sourceTree = "<group>"; };
		EDE0AA742D10C1390081E223 /* ProfileManager.swift */ = {isa = PBXFileReference; lastKnownFileType = sourcecode.swift; path = ProfileManager.swift; sourceTree = "<group>"; };
		EDE0AA752D10C1390081E223 /* RepoEditViewController.swift */ = {isa = PBXFileReference; lastKnownFileType = sourcecode.swift; path = RepoEditViewController.swift; sourceTree = "<group>"; };
		EDE0AA762D10C1390081E223 /* ReposManager.swift */ = {isa = PBXFileReference; lastKnownFileType = sourcecode.swift; path = ReposManager.swift; sourceTree = "<group>"; };
		EDE0AA772D10C1390081E223 /* ResticGUI.entitlements */ = {isa = PBXFileReference; lastKnownFileType = text.plist.entitlements; path = ResticGUI.entitlements; sourceTree = "<group>"; };
		EDE0AA782D10C1390081E223 /* SnapshotsTable.swift */ = {isa = PBXFileReference; lastKnownFileType = sourcecode.swift; path = SnapshotsTable.swift; sourceTree = "<group>"; };
		EDE0AA792D10C1390081E223 /* ViewController.swift */ = {isa = PBXFileReference; lastKnownFileType = sourcecode.swift; path = ViewController.swift; sourceTree = "<group>"; };
		EDF0A5F62E149DA8003B3FFC /* PathTable.swift */ = {isa = PBXFileReference; lastKnownFileType = sourcecode.swift; path = PathTable.swift; sourceTree = "<group>"; };
		EDF660AA2D53060800BD3998 /* DefaultTimeMachineExclusions.plist */ = {isa = PBXFileReference; lastKnownFileType = text.plist.xml; name = DefaultTimeMachineExclusions.plist; path = ResticGUI/Resources/DefaultTimeMachineExclusions.plist; sourceTree = SOURCE_ROOT; };
		EDF660AC2D54323200BD3998 /* RepoEditView.storyboard */ = {isa = PBXFileReference; lastKnownFileType = file.storyboard; path = RepoEditView.storyboard; sourceTree = "<group>"; };
		EDFB379F2E12EDB60006CC2C /* Restore.storyboard */ = {isa = PBXFileReference; lastKnownFileType = file.storyboard; path = Restore.storyboard; sourceTree = "<group>"; };
		EDFB37A02E12EDB60006CC2C /* RestoreViewController.swift */ = {isa = PBXFileReference; lastKnownFileType = sourcecode.swift; path = RestoreViewController.swift; sourceTree = "<group>"; };
/* End PBXFileReference section */

/* Begin PBXFrameworksBuildPhase section */
		ED75B9212C43212600EB9E39 /* Frameworks */ = {
			isa = PBXFrameworksBuildPhase;
			buildActionMask = 2147483647;
			files = (
				ED581FF52E0A11A700F2BE6F /* SwiftToolbox.framework in Frameworks */,
			);
			runOnlyForDeploymentPostprocessing = 0;
		};
		ED75B9332C43212700EB9E39 /* Frameworks */ = {
			isa = PBXFrameworksBuildPhase;
			buildActionMask = 2147483647;
			files = (
			);
			runOnlyForDeploymentPostprocessing = 0;
		};
		ED75B93E2C43212700EB9E39 /* Frameworks */ = {
			isa = PBXFrameworksBuildPhase;
			buildActionMask = 2147483647;
			files = (
			);
			runOnlyForDeploymentPostprocessing = 0;
		};
/* End PBXFrameworksBuildPhase section */

/* Begin PBXGroup section */
		ED581FE62E0A116F00F2BE6F /* Frameworks */ = {
			isa = PBXGroup;
			children = (
				ED581FE72E0A116F00F2BE6F /* SwiftToolbox.xcodeproj */,
			);
			name = Frameworks;
			sourceTree = "<group>";
		};
		ED581FE82E0A116F00F2BE6F /* Products */ = {
			isa = PBXGroup;
			children = (
				ED581FED2E0A116F00F2BE6F /* SwiftToolbox.framework */,
				ED581FEF2E0A116F00F2BE6F /* SwiftToolboxTests.xctest */,
			);
			name = Products;
			sourceTree = "<group>";
		};
		ED75B91B2C43212600EB9E39 = {
			isa = PBXGroup;
			children = (
				EDE0AA7A2D10C1390081E223 /* ResticGUI */,
				ED75B9392C43212700EB9E39 /* ResticGUITests */,
				ED75B9442C43212700EB9E39 /* ResticGUIUITests */,
				ED581FE62E0A116F00F2BE6F /* Frameworks */,
				ED75B9252C43212600EB9E39 /* Products */,
			);
			sourceTree = "<group>";
		};
		ED75B9252C43212600EB9E39 /* Products */ = {
			isa = PBXGroup;
			children = (
				ED75B9242C43212600EB9E39 /* ResticGUI.app */,
				ED75B9362C43212700EB9E39 /* ResticGUITests.xctest */,
				ED75B9412C43212700EB9E39 /* ResticGUIUITests.xctest */,
			);
			name = Products;
			sourceTree = "<group>";
		};
		ED75B9392C43212700EB9E39 /* ResticGUITests */ = {
			isa = PBXGroup;
			children = (
				ED75B93A2C43212700EB9E39 /* ResticGUITests.swift */,
				ED228D222CE963EA00502614 /* JSONDecodingTests.swift */,
				ED75B93C2C43212700EB9E39 /* Info.plist */,
			);
			path = ResticGUITests;
			sourceTree = "<group>";
		};
		ED75B9442C43212700EB9E39 /* ResticGUIUITests */ = {
			isa = PBXGroup;
			children = (
				ED75B9452C43212700EB9E39 /* ResticGUIUITests.swift */,
				ED75B9472C43212700EB9E39 /* Info.plist */,
			);
			path = ResticGUIUITests;
			sourceTree = "<group>";
		};
		EDE0AA662D10C1390081E223 /* Preferences */ = {
			isa = PBXGroup;
			children = (
				EDE0AA642D10C1390081E223 /* PreferencesController.swift */,
				EDB652732DE923EE0052CBF4 /* PrefTabEnvVars.swift */,
				EDB652712DE91C430052CBF4 /* PrefTabGeneral.swift */,
				EDE0AA652D10C1390081E223 /* PrefTabExclusions.swift */,
				EDE0AA632D10C1390081E223 /* Preferences.storyboard */,
			);
			path = Preferences;
			sourceTree = "<group>";
		};
		EDE0AA6B2D10C1390081E223 /* ResticGlue */ = {
			isa = PBXGroup;
			children = (
				ED5B37752DAE11FC006D76E9 /* ResticResponse.swift */,
				EDE0AA692D10C1390081E223 /* ResticController.swift */,
				EDE0AA682D10C1390081E223 /* ResticInterface.swift */,
				EDE0AA6A2D10C1390081E223 /* ResticLogger.swift */,
				EDE0AA672D10C1390081E223 /* BackupController.swift */,
			);
			path = ResticGlue;
			sourceTree = "<group>";
		};
		EDE0AA7A2D10C1390081E223 /* ResticGUI */ = {
			isa = PBXGroup;
			children = (
				EDE0AA6C2D10C1390081E223 /* AppDelegate.swift */,
				ED36C1B52DAC7963005829FB /* KeychainInterface.swift */,
				EDE0AA6F2D10C1390081E223 /* DataClasses.swift */,
				EDE0AA742D10C1390081E223 /* ProfileManager.swift */,
				EDE0AA722D10C1390081E223 /* Main.storyboard */,
				EDE0AA6E2D10C1390081E223 /* BackupPathsDataSource.swift */,
				EDE0AA792D10C1390081E223 /* ViewController.swift */,
				EDE0AA732D10C1390081E223 /* ProfileEditorController.swift */,
				EDE0AA762D10C1390081E223 /* ReposManager.swift */,
				EDF660AC2D54323200BD3998 /* RepoEditView.storyboard */,
				EDE0AA752D10C1390081E223 /* RepoEditViewController.swift */,
				EDE0AA782D10C1390081E223 /* SnapshotsTable.swift */,
				EDA86BA72D260487004E8996 /* EnviormentTable.swift */,
				ED06377F2D63E971004E26BC /* EnviormentTableView.xib */,
				EDFB37A12E12EDB60006CC2C /* Restore */,
				EDE0AA6B2D10C1390081E223 /* ResticGlue */,
				EDE0AA662D10C1390081E223 /* Preferences */,
				EDE0AA702D10C1390081E223 /* Info.plist */,
				EDF660AA2D53060800BD3998 /* DefaultTimeMachineExclusions.plist */,
				EDE0AA772D10C1390081E223 /* ResticGUI.entitlements */,
			);
			path = ResticGUI;
			sourceTree = "<group>";
		};
		EDFB37A12E12EDB60006CC2C /* Restore */ = {
			isa = PBXGroup;
			children = (
				EDFB379F2E12EDB60006CC2C /* Restore.storyboard */,
				EDFB37A02E12EDB60006CC2C /* RestoreViewController.swift */,
				EDF0A5F62E149DA8003B3FFC /* PathTable.swift */,
			);
			path = Restore;
			sourceTree = "<group>";
		};
/* End PBXGroup section */

/* Begin PBXNativeTarget section */
		ED75B9232C43212600EB9E39 /* ResticGUI */ = {
			isa = PBXNativeTarget;
			buildConfigurationList = ED75B94A2C43212700EB9E39 /* Build configuration list for PBXNativeTarget "ResticGUI" */;
			buildPhases = (
				ED75B9202C43212600EB9E39 /* Sources */,
				ED75B9212C43212600EB9E39 /* Frameworks */,
				ED75B9222C43212600EB9E39 /* Resources */,
				ED581FF72E0A11A700F2BE6F /* Embed Frameworks */,
			);
			buildRules = (
			);
			dependencies = (
			);
			name = ResticGUI;
			productName = ResticGUI;
			productReference = ED75B9242C43212600EB9E39 /* ResticGUI.app */;
			productType = "com.apple.product-type.application";
		};
		ED75B9352C43212700EB9E39 /* ResticGUITests */ = {
			isa = PBXNativeTarget;
			buildConfigurationList = ED75B94D2C43212700EB9E39 /* Build configuration list for PBXNativeTarget "ResticGUITests" */;
			buildPhases = (
				ED75B9322C43212700EB9E39 /* Sources */,
				ED75B9332C43212700EB9E39 /* Frameworks */,
				ED75B9342C43212700EB9E39 /* Resources */,
			);
			buildRules = (
			);
			dependencies = (
				ED75B9382C43212700EB9E39 /* PBXTargetDependency */,
			);
			name = ResticGUITests;
			productName = ResticGUITests;
			productReference = ED75B9362C43212700EB9E39 /* ResticGUITests.xctest */;
			productType = "com.apple.product-type.bundle.unit-test";
		};
		ED75B9402C43212700EB9E39 /* ResticGUIUITests */ = {
			isa = PBXNativeTarget;
			buildConfigurationList = ED75B9502C43212700EB9E39 /* Build configuration list for PBXNativeTarget "ResticGUIUITests" */;
			buildPhases = (
				ED75B93D2C43212700EB9E39 /* Sources */,
				ED75B93E2C43212700EB9E39 /* Frameworks */,
				ED75B93F2C43212700EB9E39 /* Resources */,
			);
			buildRules = (
			);
			dependencies = (
				ED75B9432C43212700EB9E39 /* PBXTargetDependency */,
			);
			name = ResticGUIUITests;
			productName = ResticGUIUITests;
			productReference = ED75B9412C43212700EB9E39 /* ResticGUIUITests.xctest */;
			productType = "com.apple.product-type.bundle.ui-testing";
		};
/* End PBXNativeTarget section */

/* Begin PBXProject section */
		ED75B91C2C43212600EB9E39 /* Project object */ = {
			isa = PBXProject;
			attributes = {
				LastSwiftUpdateCheck = 1130;
				LastUpgradeCheck = 9999;
				ORGANIZATIONNAME = zap.zip;
				TargetAttributes = {
					ED75B9232C43212600EB9E39 = {
						CreatedOnToolsVersion = 11.3.1;
					};
					ED75B9352C43212700EB9E39 = {
						CreatedOnToolsVersion = 11.3.1;
						TestTargetID = ED75B9232C43212600EB9E39;
					};
					ED75B9402C43212700EB9E39 = {
						CreatedOnToolsVersion = 11.3.1;
						TestTargetID = ED75B9232C43212600EB9E39;
					};
				};
			};
			buildConfigurationList = ED75B91F2C43212600EB9E39 /* Build configuration list for PBXProject "ResticGUI" */;
			compatibilityVersion = "Xcode 9.3";
			developmentRegion = en;
			hasScannedForEncodings = 0;
			knownRegions = (
				en,
				Base,
			);
			mainGroup = ED75B91B2C43212600EB9E39;
			productRefGroup = ED75B9252C43212600EB9E39 /* Products */;
			projectDirPath = "";
			projectReferences = (
				{
					ProductGroup = ED581FE82E0A116F00F2BE6F /* Products */;
					ProjectRef = ED581FE72E0A116F00F2BE6F /* SwiftToolbox.xcodeproj */;
				},
			);
			projectRoot = "";
			targets = (
				ED75B9232C43212600EB9E39 /* ResticGUI */,
				ED75B9352C43212700EB9E39 /* ResticGUITests */,
				ED75B9402C43212700EB9E39 /* ResticGUIUITests */,
			);
		};
/* End PBXProject section */

/* Begin PBXReferenceProxy section */
		ED581FED2E0A116F00F2BE6F /* SwiftToolbox.framework */ = {
			isa = PBXReferenceProxy;
			fileType = wrapper.framework;
			path = SwiftToolbox.framework;
			remoteRef = ED581FEC2E0A116F00F2BE6F /* PBXContainerItemProxy */;
			sourceTree = BUILT_PRODUCTS_DIR;
		};
		ED581FEF2E0A116F00F2BE6F /* SwiftToolboxTests.xctest */ = {
			isa = PBXReferenceProxy;
			fileType = wrapper.cfbundle;
			path = SwiftToolboxTests.xctest;
			remoteRef = ED581FEE2E0A116F00F2BE6F /* PBXContainerItemProxy */;
			sourceTree = BUILT_PRODUCTS_DIR;
		};
/* End PBXReferenceProxy section */

/* Begin PBXResourcesBuildPhase section */
		ED75B9222C43212600EB9E39 /* Resources */ = {
			isa = PBXResourcesBuildPhase;
			buildActionMask = 2147483647;
			files = (
				EDF660AB2D53060800BD3998 /* DefaultTimeMachineExclusions.plist in Resources */,
				EDFB37A22E12EDB60006CC2C /* Restore.storyboard in Resources */,
				EDF660AD2D54323200BD3998 /* RepoEditView.storyboard in Resources */,
				ED0637802D63E971004E26BC /* EnviormentTableView.xib in Resources */,
				EDE0AA7B2D10C1390081E223 /* Preferences.storyboard in Resources */,
				EDE0AA7E2D10C1390081E223 /* Main.storyboard in Resources */,
			);
			runOnlyForDeploymentPostprocessing = 0;
		};
		ED75B9342C43212700EB9E39 /* Resources */ = {
			isa = PBXResourcesBuildPhase;
			buildActionMask = 2147483647;
			files = (
			);
			runOnlyForDeploymentPostprocessing = 0;
		};
		ED75B93F2C43212700EB9E39 /* Resources */ = {
			isa = PBXResourcesBuildPhase;
			buildActionMask = 2147483647;
			files = (
			);
			runOnlyForDeploymentPostprocessing = 0;
		};
/* End PBXResourcesBuildPhase section */

/* Begin PBXSourcesBuildPhase section */
		ED75B9202C43212600EB9E39 /* Sources */ = {
			isa = PBXSourcesBuildPhase;
			buildActionMask = 2147483647;
			files = (
				EDE0AA7F2D10C1390081E223 /* PreferencesController.swift in Sources */,
				EDF0A5F72E149DA8003B3FFC /* PathTable.swift in Sources */,
				EDFB37A32E12EDB60006CC2C /* RestoreViewController.swift in Sources */,
				EDB652722DE91C480052CBF4 /* PrefTabGeneral.swift in Sources */,
				EDE0AA802D10C1390081E223 /* PrefTabExclusions.swift in Sources */,
				EDE0AA812D10C1390081E223 /* BackupController.swift in Sources */,
				EDE0AA822D10C1390081E223 /* ResticInterface.swift in Sources */,
				EDE0AA832D10C1390081E223 /* ResticController.swift in Sources */,
				EDE0AA842D10C1390081E223 /* ResticLogger.swift in Sources */,
				ED5B37762DAE1201006D76E9 /* ResticResponse.swift in Sources */,
				EDB652742DE923F40052CBF4 /* PrefTabEnvVars.swift in Sources */,
				EDE0AA852D10C1390081E223 /* AppDelegate.swift in Sources */,
				EDE0AA862D10C1390081E223 /* BackupPathsDataSource.swift in Sources */,
				EDE0AA872D10C1390081E223 /* DataClasses.swift in Sources */,
				EDE0AA882D10C1390081E223 /* ProfileEditorController.swift in Sources */,
				EDE0AA892D10C1390081E223 /* ProfileManager.swift in Sources */,
				EDE0AA8A2D10C1390081E223 /* RepoEditViewController.swift in Sources */,
				EDE0AA8B2D10C1390081E223 /* ReposManager.swift in Sources */,
				EDE0AA8C2D10C1390081E223 /* SnapshotsTable.swift in Sources */,
				ED36C1B62DAC7971005829FB /* KeychainInterface.swift in Sources */,
				EDE0AA8D2D10C1390081E223 /* ViewController.swift in Sources */,
				EDA86BA82D260487004E8996 /* EnviormentTable.swift in Sources */,
			);
			runOnlyForDeploymentPostprocessing = 0;
		};
		ED75B9322C43212700EB9E39 /* Sources */ = {
			isa = PBXSourcesBuildPhase;
			buildActionMask = 2147483647;
			files = (
				ED228D232CE963EA00502614 /* JSONDecodingTests.swift in Sources */,
				ED75B93B2C43212700EB9E39 /* ResticGUITests.swift in Sources */,
			);
			runOnlyForDeploymentPostprocessing = 0;
		};
		ED75B93D2C43212700EB9E39 /* Sources */ = {
			isa = PBXSourcesBuildPhase;
			buildActionMask = 2147483647;
			files = (
				ED75B9462C43212700EB9E39 /* ResticGUIUITests.swift in Sources */,
			);
			runOnlyForDeploymentPostprocessing = 0;
		};
/* End PBXSourcesBuildPhase section */

/* Begin PBXTargetDependency section */
		ED75B9382C43212700EB9E39 /* PBXTargetDependency */ = {
			isa = PBXTargetDependency;
			target = ED75B9232C43212600EB9E39 /* ResticGUI */;
			targetProxy = ED75B9372C43212700EB9E39 /* PBXContainerItemProxy */;
		};
		ED75B9432C43212700EB9E39 /* PBXTargetDependency */ = {
			isa = PBXTargetDependency;
			target = ED75B9232C43212600EB9E39 /* ResticGUI */;
			targetProxy = ED75B9422C43212700EB9E39 /* PBXContainerItemProxy */;
		};
/* End PBXTargetDependency section */

/* Begin PBXVariantGroup section */
		EDE0AA722D10C1390081E223 /* Main.storyboard */ = {
			isa = PBXVariantGroup;
			children = (
				EDE0AA712D10C1390081E223 /* Base */,
			);
			name = Main.storyboard;
			sourceTree = "<group>";
		};
/* End PBXVariantGroup section */

/* Begin XCBuildConfiguration section */
		ED75B9482C43212700EB9E39 /* Debug */ = {
			isa = XCBuildConfiguration;
			buildSettings = {
				ALWAYS_SEARCH_USER_PATHS = NO;
				CLANG_ANALYZER_NONNULL = YES;
				CLANG_ANALYZER_NUMBER_OBJECT_CONVERSION = YES_AGGRESSIVE;
				CLANG_CXX_LANGUAGE_STANDARD = "gnu++14";
				CLANG_CXX_LIBRARY = "libc++";
				CLANG_ENABLE_MODULES = YES;
				CLANG_ENABLE_OBJC_ARC = YES;
				CLANG_ENABLE_OBJC_WEAK = YES;
				CLANG_WARN_BLOCK_CAPTURE_AUTORELEASING = YES;
				CLANG_WARN_BOOL_CONVERSION = YES;
				CLANG_WARN_COMMA = YES;
				CLANG_WARN_CONSTANT_CONVERSION = YES;
				CLANG_WARN_DEPRECATED_OBJC_IMPLEMENTATIONS = YES;
				CLANG_WARN_DIRECT_OBJC_ISA_USAGE = YES_ERROR;
				CLANG_WARN_DOCUMENTATION_COMMENTS = YES;
				CLANG_WARN_EMPTY_BODY = YES;
				CLANG_WARN_ENUM_CONVERSION = YES;
				CLANG_WARN_INFINITE_RECURSION = YES;
				CLANG_WARN_INT_CONVERSION = YES;
				CLANG_WARN_NON_LITERAL_NULL_CONVERSION = YES;
				CLANG_WARN_OBJC_IMPLICIT_RETAIN_SELF = YES;
				CLANG_WARN_OBJC_LITERAL_CONVERSION = YES;
				CLANG_WARN_OBJC_ROOT_CLASS = YES_ERROR;
				CLANG_WARN_RANGE_LOOP_ANALYSIS = YES;
				CLANG_WARN_STRICT_PROTOTYPES = YES;
				CLANG_WARN_SUSPICIOUS_MOVE = YES;
				CLANG_WARN_UNGUARDED_AVAILABILITY = YES_AGGRESSIVE;
				CLANG_WARN_UNREACHABLE_CODE = YES;
				CLANG_WARN__DUPLICATE_METHOD_MATCH = YES;
				COPY_PHASE_STRIP = NO;
				DEBUG_INFORMATION_FORMAT = dwarf;
				ENABLE_STRICT_OBJC_MSGSEND = YES;
				ENABLE_TESTABILITY = YES;
				GCC_C_LANGUAGE_STANDARD = gnu11;
				GCC_DYNAMIC_NO_PIC = NO;
				GCC_NO_COMMON_BLOCKS = YES;
				GCC_OPTIMIZATION_LEVEL = 0;
				GCC_PREPROCESSOR_DEFINITIONS = (
					"DEBUG=1",
					"$(inherited)",
				);
				GCC_WARN_64_TO_32_BIT_CONVERSION = YES;
				GCC_WARN_ABOUT_RETURN_TYPE = YES_ERROR;
				GCC_WARN_UNDECLARED_SELECTOR = YES;
				GCC_WARN_UNINITIALIZED_AUTOS = YES_AGGRESSIVE;
				GCC_WARN_UNUSED_FUNCTION = YES;
				GCC_WARN_UNUSED_VARIABLE = YES;
				MACOSX_DEPLOYMENT_TARGET = 10.14;
				MTL_ENABLE_DEBUG_INFO = INCLUDE_SOURCE;
				MTL_FAST_MATH = YES;
				ONLY_ACTIVE_ARCH = YES;
				SDKROOT = macosx;
				SWIFT_ACTIVE_COMPILATION_CONDITIONS = DEBUG;
				SWIFT_OPTIMIZATION_LEVEL = "-Onone";
				SWIFT_VERSION = 5.0;
			};
			name = Debug;
		};
		ED75B9492C43212700EB9E39 /* Release */ = {
			isa = XCBuildConfiguration;
			buildSettings = {
				ALWAYS_SEARCH_USER_PATHS = NO;
				CLANG_ANALYZER_NONNULL = YES;
				CLANG_ANALYZER_NUMBER_OBJECT_CONVERSION = YES_AGGRESSIVE;
				CLANG_CXX_LANGUAGE_STANDARD = "gnu++14";
				CLANG_CXX_LIBRARY = "libc++";
				CLANG_ENABLE_MODULES = YES;
				CLANG_ENABLE_OBJC_ARC = YES;
				CLANG_ENABLE_OBJC_WEAK = YES;
				CLANG_WARN_BLOCK_CAPTURE_AUTORELEASING = YES;
				CLANG_WARN_BOOL_CONVERSION = YES;
				CLANG_WARN_COMMA = YES;
				CLANG_WARN_CONSTANT_CONVERSION = YES;
				CLANG_WARN_DEPRECATED_OBJC_IMPLEMENTATIONS = YES;
				CLANG_WARN_DIRECT_OBJC_ISA_USAGE = YES_ERROR;
				CLANG_WARN_DOCUMENTATION_COMMENTS = YES;
				CLANG_WARN_EMPTY_BODY = YES;
				CLANG_WARN_ENUM_CONVERSION = YES;
				CLANG_WARN_INFINITE_RECURSION = YES;
				CLANG_WARN_INT_CONVERSION = YES;
				CLANG_WARN_NON_LITERAL_NULL_CONVERSION = YES;
				CLANG_WARN_OBJC_IMPLICIT_RETAIN_SELF = YES;
				CLANG_WARN_OBJC_LITERAL_CONVERSION = YES;
				CLANG_WARN_OBJC_ROOT_CLASS = YES_ERROR;
				CLANG_WARN_RANGE_LOOP_ANALYSIS = YES;
				CLANG_WARN_STRICT_PROTOTYPES = YES;
				CLANG_WARN_SUSPICIOUS_MOVE = YES;
				CLANG_WARN_UNGUARDED_AVAILABILITY = YES_AGGRESSIVE;
				CLANG_WARN_UNREACHABLE_CODE = YES;
				CLANG_WARN__DUPLICATE_METHOD_MATCH = YES;
				COPY_PHASE_STRIP = NO;
				DEBUG_INFORMATION_FORMAT = "dwarf-with-dsym";
				ENABLE_NS_ASSERTIONS = NO;
				ENABLE_STRICT_OBJC_MSGSEND = YES;
				GCC_C_LANGUAGE_STANDARD = gnu11;
				GCC_NO_COMMON_BLOCKS = YES;
				GCC_WARN_64_TO_32_BIT_CONVERSION = YES;
				GCC_WARN_ABOUT_RETURN_TYPE = YES_ERROR;
				GCC_WARN_UNDECLARED_SELECTOR = YES;
				GCC_WARN_UNINITIALIZED_AUTOS = YES_AGGRESSIVE;
				GCC_WARN_UNUSED_FUNCTION = YES;
				GCC_WARN_UNUSED_VARIABLE = YES;
				MACOSX_DEPLOYMENT_TARGET = 10.14;
				MTL_ENABLE_DEBUG_INFO = NO;
				MTL_FAST_MATH = YES;
				SDKROOT = macosx;
				SWIFT_COMPILATION_MODE = wholemodule;
				SWIFT_OPTIMIZATION_LEVEL = "-O";
				SWIFT_VERSION = 5.0;
			};
			name = Release;
		};
		ED75B94B2C43212700EB9E39 /* Debug */ = {
			isa = XCBuildConfiguration;
			buildSettings = {
				ASSETCATALOG_COMPILER_APPICON_NAME = AppIcon;
				CODE_SIGN_ENTITLEMENTS = ResticGUI/ResticGUI.entitlements;
				CODE_SIGN_STYLE = Automatic;
				COMBINE_HIDPI_IMAGES = YES;
				CURRENT_PROJECT_VERSION = 5;
				INFOPLIST_FILE = ResticGUI/Info.plist;
				LD_RUNPATH_SEARCH_PATHS = (
					"$(inherited)",
					"@executable_path/../Frameworks",
				);
				MACOSX_DEPLOYMENT_TARGET = 10.13;
				MARKETING_VERSION = 0.2;
				PRODUCT_BUNDLE_IDENTIFIER = zap.zip.ResticGUI;
				PRODUCT_NAME = "$(TARGET_NAME)";
				SWIFT_VERSION = 4.2;
			};
			name = Debug;
		};
		ED75B94C2C43212700EB9E39 /* Release */ = {
			isa = XCBuildConfiguration;
			buildSettings = {
				ASSETCATALOG_COMPILER_APPICON_NAME = AppIcon;
				CODE_SIGN_ENTITLEMENTS = ResticGUI/ResticGUI.entitlements;
				CODE_SIGN_STYLE = Automatic;
				COMBINE_HIDPI_IMAGES = YES;
				CURRENT_PROJECT_VERSION = 5;
				INFOPLIST_FILE = ResticGUI/Info.plist;
				LD_RUNPATH_SEARCH_PATHS = (
					"$(inherited)",
					"@executable_path/../Frameworks",
				);
				MACOSX_DEPLOYMENT_TARGET = 10.13;
				MARKETING_VERSION = 0.2;
				PRODUCT_BUNDLE_IDENTIFIER = zap.zip.ResticGUI;
				PRODUCT_NAME = "$(TARGET_NAME)";
				SWIFT_VERSION = 4.2;
			};
			name = Release;
		};
		ED75B94E2C43212700EB9E39 /* Debug */ = {
			isa = XCBuildConfiguration;
			buildSettings = {
				BUNDLE_LOADER = "$(TEST_HOST)";
				CODE_SIGN_STYLE = Automatic;
				COMBINE_HIDPI_IMAGES = YES;
				INFOPLIST_FILE = ResticGUITests/Info.plist;
				LD_RUNPATH_SEARCH_PATHS = (
					"$(inherited)",
					"@executable_path/../Frameworks",
					"@loader_path/../Frameworks",
				);
				MACOSX_DEPLOYMENT_TARGET = 10.14;
				PRODUCT_BUNDLE_IDENTIFIER = zap.zip.ResticGUITests;
				PRODUCT_NAME = "$(TARGET_NAME)";
				SWIFT_VERSION = 5.0;
				TEST_HOST = "$(BUILT_PRODUCTS_DIR)/ResticGUI.app/Contents/MacOS/ResticGUI";
			};
			name = Debug;
		};
		ED75B94F2C43212700EB9E39 /* Release */ = {
			isa = XCBuildConfiguration;
			buildSettings = {
				BUNDLE_LOADER = "$(TEST_HOST)";
				CODE_SIGN_STYLE = Automatic;
				COMBINE_HIDPI_IMAGES = YES;
				INFOPLIST_FILE = ResticGUITests/Info.plist;
				LD_RUNPATH_SEARCH_PATHS = (
					"$(inherited)",
					"@executable_path/../Frameworks",
					"@loader_path/../Frameworks",
				);
				MACOSX_DEPLOYMENT_TARGET = 10.14;
				PRODUCT_BUNDLE_IDENTIFIER = zap.zip.ResticGUITests;
				PRODUCT_NAME = "$(TARGET_NAME)";
				SWIFT_VERSION = 5.0;
				TEST_HOST = "$(BUILT_PRODUCTS_DIR)/ResticGUI.app/Contents/MacOS/ResticGUI";
			};
			name = Release;
		};
		ED75B9512C43212700EB9E39 /* Debug */ = {
			isa = XCBuildConfiguration;
			buildSettings = {
				CODE_SIGN_STYLE = Automatic;
				COMBINE_HIDPI_IMAGES = YES;
				INFOPLIST_FILE = ResticGUIUITests/Info.plist;
				LD_RUNPATH_SEARCH_PATHS = (
					"$(inherited)",
					"@executable_path/../Frameworks",
					"@loader_path/../Frameworks",
				);
				PRODUCT_BUNDLE_IDENTIFIER = zap.zip.ResticGUIUITests;
				PRODUCT_NAME = "$(TARGET_NAME)";
				SWIFT_VERSION = 5.0;
				TEST_TARGET_NAME = ResticGUI;
			};
			name = Debug;
		};
		ED75B9522C43212700EB9E39 /* Release */ = {
			isa = XCBuildConfiguration;
			buildSettings = {
				CODE_SIGN_STYLE = Automatic;
				COMBINE_HIDPI_IMAGES = YES;
				INFOPLIST_FILE = ResticGUIUITests/Info.plist;
				LD_RUNPATH_SEARCH_PATHS = (
					"$(inherited)",
					"@executable_path/../Frameworks",
					"@loader_path/../Frameworks",
				);
				PRODUCT_BUNDLE_IDENTIFIER = zap.zip.ResticGUIUITests;
				PRODUCT_NAME = "$(TARGET_NAME)";
				SWIFT_VERSION = 5.0;
				TEST_TARGET_NAME = ResticGUI;
			};
			name = Release;
		};
/* End XCBuildConfiguration section */

/* Begin XCConfigurationList section */
		ED75B91F2C43212600EB9E39 /* Build configuration list for PBXProject "ResticGUI" */ = {
			isa = XCConfigurationList;
			buildConfigurations = (
				ED75B9482C43212700EB9E39 /* Debug */,
				ED75B9492C43212700EB9E39 /* Release */,
			);
			defaultConfigurationIsVisible = 0;
			defaultConfigurationName = Release;
		};
		ED75B94A2C43212700EB9E39 /* Build configuration list for PBXNativeTarget "ResticGUI" */ = {
			isa = XCConfigurationList;
			buildConfigurations = (
				ED75B94B2C43212700EB9E39 /* Debug */,
				ED75B94C2C43212700EB9E39 /* Release */,
			);
			defaultConfigurationIsVisible = 0;
			defaultConfigurationName = Release;
		};
		ED75B94D2C43212700EB9E39 /* Build configuration list for PBXNativeTarget "ResticGUITests" */ = {
			isa = XCConfigurationList;
			buildConfigurations = (
				ED75B94E2C43212700EB9E39 /* Debug */,
				ED75B94F2C43212700EB9E39 /* Release */,
			);
			defaultConfigurationIsVisible = 0;
			defaultConfigurationName = Release;
		};
		ED75B9502C43212700EB9E39 /* Build configuration list for PBXNativeTarget "ResticGUIUITests" */ = {
			isa = XCConfigurationList;
			buildConfigurations = (
				ED75B9512C43212700EB9E39 /* Debug */,
				ED75B9522C43212700EB9E39 /* Release */,
			);
			defaultConfigurationIsVisible = 0;
			defaultConfigurationName = Release;
		};
/* End XCConfigurationList section */
	};
	rootObject = ED75B91C2C43212600EB9E39 /* Project object */;
}
